
Microsoft Visual Studio Solution File, Format Version 12.00
# Visual Studio 2012
Project("{2150E333-8FDC-42A3-9474-1A3956D46DE8}") = "00.Infraestructura", "00.Infraestructura", "{08AAED3E-91EC-406A-B7CE-72D837E5F758}"
EndProject
Project("{2150E333-8FDC-42A3-9474-1A3956D46DE8}") = "01.Acceso Datos", "01.Acceso Datos", "{F48BF33D-1624-4CCF-9C31-4585A114EA97}"
EndProject
Project("{2150E333-8FDC-42A3-9474-1A3956D46DE8}") = "02.Logica Negocio", "02.Logica Negocio", "{4C9691A9-D3FD-4326-BD96-F087C1EEE11F}"
EndProject
Project("{2150E333-8FDC-42A3-9474-1A3956D46DE8}") = "03.Presentation", "03.Presentation", "{455AD51E-BC54-46C2-91FA-68B9C6464666}"
EndProject
Project("{2150E333-8FDC-42A3-9474-1A3956D46DE8}") = "03.01.Extranet", "03.01.Extranet", "{DAB3954D-54A2-4138-ABCF-E0F3DA38AD2F}"
EndProject
Project("{2150E333-8FDC-42A3-9474-1A3956D46DE8}") = "03.02.Intranet", "03.02.Intranet", "{264BE019-E0B3-4CF7-974B-8F91F72D82A1}"
EndProject
Project("{FAE04EC0-301F-11D3-BF4B-00C04F79EFBC}") = "SOCAUD.Common", "SOCAUD.Common\SOCAUD.Common.csproj", "{1F430AB3-04D4-4D54-B597-7D12654E8A59}"
EndProject
Project("{FAE04EC0-301F-11D3-BF4B-00C04F79EFBC}") = "SOCAUD.Data", "SOCAUD.Data\SOCAUD.Data.csproj", "{287782CE-5709-4FE7-A327-DE30426CE390}"
EndProject
Project("{FAE04EC0-301F-11D3-BF4B-00C04F79EFBC}") = "SOCAUD.Business", "SOCAUD.Business\SOCAUD.Business.csproj", "{62850FB8-85B9-4C04-8AD9-B48298AC15BB}"
EndProject
Project("{FAE04EC0-301F-11D3-BF4B-00C04F79EFBC}") = "SOCAUD.Web", "SOCAUD.Web\SOCAUD.Web.csproj", "{2073894C-2A03-4141-A75A-73FDA56AF0F6}"
EndProject
Project("{FAE04EC0-301F-11D3-BF4B-00C04F79EFBC}") = "SOCAUD.Intranet", "SOCAUD.Intranet\SOCAUD.Intranet.csproj", "{A39DEAA9-D1D0-45F8-9BE9-09195AA4562E}"
EndProject
Project("{2150E333-8FDC-42A3-9474-1A3956D46DE8}") = "03.03.Servicios Rest", "03.03.Servicios Rest", "{63199647-11C8-40EF-8105-E8D0EB312B2F}"
EndProject
Project("{FAE04EC0-301F-11D3-BF4B-00C04F79EFBC}") = "SOCAUDAPI", "SOCAUDAPI\SOCAUDAPI.csproj", "{74FC2851-FFAA-4440-958F-ACE452C00E41}"
EndProject
Global
	GlobalSection(SolutionConfigurationPlatforms) = preSolution
		Debug|Any CPU = Debug|Any CPU
		Debug|ARM = Debug|ARM
		Debug|x64 = Debug|x64
		Debug|x86 = Debug|x86
		Release|Any CPU = Release|Any CPU
		Release|ARM = Release|ARM
		Release|x64 = Release|x64
		Release|x86 = Release|x86
	EndGlobalSection
	GlobalSection(ProjectConfigurationPlatforms) = postSolution
		{1F430AB3-04D4-4D54-B597-7D12654E8A59}.Debug|Any CPU.ActiveCfg = Debug|Any CPU
		{1F430AB3-04D4-4D54-B597-7D12654E8A59}.Debug|Any CPU.Build.0 = Debug|Any CPU
		{1F430AB3-04D4-4D54-B597-7D12654E8A59}.Debug|ARM.ActiveCfg = Debug|Any CPU
		{1F430AB3-04D4-4D54-B597-7D12654E8A59}.Debug|x64.ActiveCfg = Debug|Any CPU
		{1F430AB3-04D4-4D54-B597-7D12654E8A59}.Debug|x86.ActiveCfg = Debug|Any CPU
		{1F430AB3-04D4-4D54-B597-7D12654E8A59}.Release|Any CPU.ActiveCfg = Release|Any CPU
		{1F430AB3-04D4-4D54-B597-7D12654E8A59}.Release|Any CPU.Build.0 = Release|Any CPU
		{1F430AB3-04D4-4D54-B597-7D12654E8A59}.Release|ARM.ActiveCfg = Release|Any CPU
		{1F430AB3-04D4-4D54-B597-7D12654E8A59}.Release|x64.ActiveCfg = Release|Any CPU
		{1F430AB3-04D4-4D54-B597-7D12654E8A59}.Release|x86.ActiveCfg = Release|Any CPU
		{287782CE-5709-4FE7-A327-DE30426CE390}.Debug|Any CPU.ActiveCfg = Debug|Any CPU
		{287782CE-5709-4FE7-A327-DE30426CE390}.Debug|Any CPU.Build.0 = Debug|Any CPU
		{287782CE-5709-4FE7-A327-DE30426CE390}.Debug|ARM.ActiveCfg = Debug|Any CPU
		{287782CE-5709-4FE7-A327-DE30426CE390}.Debug|x64.ActiveCfg = Debug|Any CPU
		{287782CE-5709-4FE7-A327-DE30426CE390}.Debug|x86.ActiveCfg = Debug|Any CPU
		{287782CE-5709-4FE7-A327-DE30426CE390}.Release|Any CPU.ActiveCfg = Release|Any CPU
		{287782CE-5709-4FE7-A327-DE30426CE390}.Release|Any CPU.Build.0 = Release|Any CPU
		{287782CE-5709-4FE7-A327-DE30426CE390}.Release|ARM.ActiveCfg = Release|Any CPU
		{287782CE-5709-4FE7-A327-DE30426CE390}.Release|x64.ActiveCfg = Release|Any CPU
		{287782CE-5709-4FE7-A327-DE30426CE390}.Release|x86.ActiveCfg = Release|Any CPU
		{62850FB8-85B9-4C04-8AD9-B48298AC15BB}.Debug|Any CPU.ActiveCfg = Debug|Any CPU
		{62850FB8-85B9-4C04-8AD9-B48298AC15BB}.Debug|Any CPU.Build.0 = Debug|Any CPU
		{62850FB8-85B9-4C04-8AD9-B48298AC15BB}.Debug|ARM.ActiveCfg = Debug|Any CPU
		{62850FB8-85B9-4C04-8AD9-B48298AC15BB}.Debug|x64.ActiveCfg = Debug|Any CPU
		{62850FB8-85B9-4C04-8AD9-B48298AC15BB}.Debug|x86.ActiveCfg = Debug|Any CPU
		{62850FB8-85B9-4C04-8AD9-B48298AC15BB}.Release|Any CPU.ActiveCfg = Release|Any CPU
		{62850FB8-85B9-4C04-8AD9-B48298AC15BB}.Release|Any CPU.Build.0 = Release|Any CPU
		{62850FB8-85B9-4C04-8AD9-B48298AC15BB}.Release|ARM.ActiveCfg = Release|Any CPU
		{62850FB8-85B9-4C04-8AD9-B48298AC15BB}.Release|x64.ActiveCfg = Release|Any CPU
		{62850FB8-85B9-4C04-8AD9-B48298AC15BB}.Release|x86.ActiveCfg = Release|Any CPU
		{2073894C-2A03-4141-A75A-73FDA56AF0F6}.Debug|Any CPU.ActiveCfg = Debug|Any CPU
		{2073894C-2A03-4141-A75A-73FDA56AF0F6}.Debug|Any CPU.Build.0 = Debug|Any CPU
		{2073894C-2A03-4141-A75A-73FDA56AF0F6}.Debug|ARM.ActiveCfg = Debug|Any CPU
		{2073894C-2A03-4141-A75A-73FDA56AF0F6}.Debug|x64.ActiveCfg = Debug|Any CPU
		{2073894C-2A03-4141-A75A-73FDA56AF0F6}.Debug|x86.ActiveCfg = Debug|Any CPU
		{2073894C-2A03-4141-A75A-73FDA56AF0F6}.Release|Any CPU.ActiveCfg = Release|Any CPU
		{2073894C-2A03-4141-A75A-73FDA56AF0F6}.Release|Any CPU.Build.0 = Release|Any CPU
		{2073894C-2A03-4141-A75A-73FDA56AF0F6}.Release|ARM.ActiveCfg = Release|Any CPU
		{2073894C-2A03-4141-A75A-73FDA56AF0F6}.Release|x64.ActiveCfg = Release|Any CPU
		{2073894C-2A03-4141-A75A-73FDA56AF0F6}.Release|x86.ActiveCfg = Release|Any CPU
		{A39DEAA9-D1D0-45F8-9BE9-09195AA4562E}.Debug|Any CPU.ActiveCfg = Debug|Any CPU
		{A39DEAA9-D1D0-45F8-9BE9-09195AA4562E}.Debug|Any CPU.Build.0 = Debug|Any CPU
		{A39DEAA9-D1D0-45F8-9BE9-09195AA4562E}.Debug|ARM.ActiveCfg = Debug|Any CPU
		{A39DEAA9-D1D0-45F8-9BE9-09195AA4562E}.Debug|x64.ActiveCfg = Debug|Any CPU
		{A39DEAA9-D1D0-45F8-9BE9-09195AA4562E}.Debug|x86.ActiveCfg = Debug|Any CPU
		{A39DEAA9-D1D0-45F8-9BE9-09195AA4562E}.Release|Any CPU.ActiveCfg = Release|Any CPU
		{A39DEAA9-D1D0-45F8-9BE9-09195AA4562E}.Release|Any CPU.Build.0 = Release|Any CPU
		{A39DEAA9-D1D0-45F8-9BE9-09195AA4562E}.Release|ARM.ActiveCfg = Release|Any CPU
		{A39DEAA9-D1D0-45F8-9BE9-09195AA4562E}.Release|x64.ActiveCfg = Release|Any CPU
		{A39DEAA9-D1D0-45F8-9BE9-09195AA4562E}.Release|x86.ActiveCfg = Release|Any CPU
		{74FC2851-FFAA-4440-958F-ACE452C00E41}.Debug|Any CPU.ActiveCfg = Debug|Any CPU
		{74FC2851-FFAA-4440-958F-ACE452C00E41}.Debug|Any CPU.Build.0 = Debug|Any CPU
		{74FC2851-FFAA-4440-958F-ACE452C00E41}.Debug|ARM.ActiveCfg = Debug|Any CPU
		{74FC2851-FFAA-4440-958F-ACE452C00E41}.Debug|x64.ActiveCfg = Debug|Any CPU
		{74FC2851-FFAA-4440-958F-ACE452C00E41}.Debug|x86.ActiveCfg = Debug|Any CPU
		{74FC2851-FFAA-4440-958F-ACE452C00E41}.Release|Any CPU.ActiveCfg = Release|Any CPU
		{74FC2851-FFAA-4440-958F-ACE452C00E41}.Release|Any CPU.Build.0 = Release|Any CPU
		{74FC2851-FFAA-4440-958F-ACE452C00E41}.Release|ARM.ActiveCfg = Release|Any CPU
		{74FC2851-FFAA-4440-958F-ACE452C00E41}.Release|x64.ActiveCfg = Release|Any CPU
		{74FC2851-FFAA-4440-958F-ACE452C00E41}.Release|x86.ActiveCfg = Release|Any CPU
	EndGlobalSection
	GlobalSection(SolutionProperties) = preSolution
		HideSolutionNode = FALSE
	EndGlobalSection
	GlobalSection(NestedProjects) = preSolution
		{1F430AB3-04D4-4D54-B597-7D12654E8A59} = {08AAED3E-91EC-406A-B7CE-72D837E5F758}
		{287782CE-5709-4FE7-A327-DE30426CE390} = {F48BF33D-1624-4CCF-9C31-4585A114EA97}
		{62850FB8-85B9-4C04-8AD9-B48298AC15BB} = {4C9691A9-D3FD-4326-BD96-F087C1EEE11F}
		{DAB3954D-54A2-4138-ABCF-E0F3DA38AD2F} = {455AD51E-BC54-46C2-91FA-68B9C6464666}
		{264BE019-E0B3-4CF7-974B-8F91F72D82A1} = {455AD51E-BC54-46C2-91FA-68B9C6464666}
		{63199647-11C8-40EF-8105-E8D0EB312B2F} = {455AD51E-BC54-46C2-91FA-68B9C6464666}
		{2073894C-2A03-4141-A75A-73FDA56AF0F6} = {DAB3954D-54A2-4138-ABCF-E0F3DA38AD2F}
		{A39DEAA9-D1D0-45F8-9BE9-09195AA4562E} = {264BE019-E0B3-4CF7-974B-8F91F72D82A1}
		{74FC2851-FFAA-4440-958F-ACE452C00E41} = {63199647-11C8-40EF-8105-E8D0EB312B2F}
	EndGlobalSection
EndGlobal
